
Microsoft Visual Studio Solution File, Format Version 12.00
# Visual Studio Version 17
VisualStudioVersion = 17.9.34622.214
MinimumVisualStudioVersion = 10.0.40219.1
Project("{FAE04EC0-301F-11D3-BF4B-00C04F79EFBC}") = "Serializacja1", "Serializacja1\Serializacja1.csproj", "{477CC7BA-C90D-4EC0-A323-65C04E84DD5C}"
EndProject
Global
	GlobalSection(SolutionConfigurationPlatforms) = preSolution
		Debug|Any CPU = Debug|Any CPU
		Release|Any CPU = Release|Any CPU
	EndGlobalSection
	GlobalSection(ProjectConfigurationPlatforms) = postSolution
		{477CC7BA-C90D-4EC0-A323-65C04E84DD5C}.Debug|Any CPU.ActiveCfg = Debug|Any CPU
		{477CC7BA-C90D-4EC0-A323-65C04E84DD5C}.Debug|Any CPU.Build.0 = Debug|Any CPU
		{477CC7BA-C90D-4EC0-A323-65C04E84DD5C}.Release|Any CPU.ActiveCfg = Release|Any CPU
		{477CC7BA-C90D-4EC0-A323-65C04E84DD5C}.Release|Any CPU.Build.0 = Release|Any CPU
	EndGlobalSection
	GlobalSection(SolutionProperties) = preSolution
		HideSolutionNode = FALSE
	EndGlobalSection
	GlobalSection(ExtensibilityGlobals) = postSolution
		SolutionGuid = {5F8E3FFD-BF9C-42CC-B065-F43C59EC32C5}
	EndGlobalSection
EndGlobal
